
Microsoft Visual Studio Solution File, Format Version 12.00
# Visual Studio Version 16
VisualStudioVersion = 16.6.30114.105
MinimumVisualStudioVersion = 10.0.40219.1
Project("{2150E333-8FDC-42A3-9474-1A3956D46DE8}") = "src", "src", "{483084C1-77B4-4DCE-B290-0518C1A2E99E}"
EndProject
Project("{9A19103F-16F7-4668-BE54-9A1E7A4F7556}") = "Csharp8.Console", "src\Csharp8.Console\Csharp8.Console.csproj", "{8FCA5C1F-86B9-4C79-A9CD-93B88B95C921}"
EndProject
Global
	GlobalSection(SolutionConfigurationPlatforms) = preSolution
		Debug|Any CPU = Debug|Any CPU
		Debug|x64 = Debug|x64
		Debug|x86 = Debug|x86
		Release|Any CPU = Release|Any CPU
		Release|x64 = Release|x64
		Release|x86 = Release|x86
	EndGlobalSection
	GlobalSection(ProjectConfigurationPlatforms) = postSolution
		{8FCA5C1F-86B9-4C79-A9CD-93B88B95C921}.Debug|Any CPU.ActiveCfg = Debug|Any CPU
		{8FCA5C1F-86B9-4C79-A9CD-93B88B95C921}.Debug|Any CPU.Build.0 = Debug|Any CPU
		{8FCA5C1F-86B9-4C79-A9CD-93B88B95C921}.Debug|x64.ActiveCfg = Debug|Any CPU
		{8FCA5C1F-86B9-4C79-A9CD-93B88B95C921}.Debug|x64.Build.0 = Debug|Any CPU
		{8FCA5C1F-86B9-4C79-A9CD-93B88B95C921}.Debug|x86.ActiveCfg = Debug|Any CPU
		{8FCA5C1F-86B9-4C79-A9CD-93B88B95C921}.Debug|x86.Build.0 = Debug|Any CPU
		{8FCA5C1F-86B9-4C79-A9CD-93B88B95C921}.Release|Any CPU.ActiveCfg = Release|Any CPU
		{8FCA5C1F-86B9-4C79-A9CD-93B88B95C921}.Release|Any CPU.Build.0 = Release|Any CPU
		{8FCA5C1F-86B9-4C79-A9CD-93B88B95C921}.Release|x64.ActiveCfg = Release|Any CPU
		{8FCA5C1F-86B9-4C79-A9CD-93B88B95C921}.Release|x64.Build.0 = Release|Any CPU
		{8FCA5C1F-86B9-4C79-A9CD-93B88B95C921}.Release|x86.ActiveCfg = Release|Any CPU
		{8FCA5C1F-86B9-4C79-A9CD-93B88B95C921}.Release|x86.Build.0 = Release|Any CPU
	EndGlobalSection
	GlobalSection(SolutionProperties) = preSolution
		HideSolutionNode = FALSE
	EndGlobalSection
	GlobalSection(NestedProjects) = preSolution
		{8FCA5C1F-86B9-4C79-A9CD-93B88B95C921} = {483084C1-77B4-4DCE-B290-0518C1A2E99E}
	EndGlobalSection
	GlobalSection(ExtensibilityGlobals) = postSolution
		SolutionGuid = {77FF8602-4C8F-4262-86EB-700F7755A85F}
	EndGlobalSection
EndGlobal
